// !$*UTF8*$!
{
	archiveVersion = 1;
	classes = {
	};
	objectVersion = 46;
	objects = {

/* Begin PBXBuildFile section */
		603DA10820630A2A00DD5FE1 /* AppDelegate.swift in Sources */ = {isa = PBXBuildFile; fileRef = 603DA10720630A2A00DD5FE1 /* AppDelegate.swift */; };
		603DA10A20630A2A00DD5FE1 /* FeaturedMenuController.swift in Sources */ = {isa = PBXBuildFile; fileRef = 603DA10920630A2A00DD5FE1 /* FeaturedMenuController.swift */; };
		603DA10D20630A2A00DD5FE1 /* Main.storyboard in Resources */ = {isa = PBXBuildFile; fileRef = 603DA10B20630A2A00DD5FE1 /* Main.storyboard */; };
		603DA10F20630A2A00DD5FE1 /* Assets.xcassets in Resources */ = {isa = PBXBuildFile; fileRef = 603DA10E20630A2A00DD5FE1 /* Assets.xcassets */; };
		603DA11220630A2A00DD5FE1 /* LaunchScreen.storyboard in Resources */ = {isa = PBXBuildFile; fileRef = 603DA11020630A2A00DD5FE1 /* LaunchScreen.storyboard */; };
		603DA11D20630A2A00DD5FE1 /* END_TestTests.swift in Sources */ = {isa = PBXBuildFile; fileRef = 603DA11C20630A2A00DD5FE1 /* END_TestTests.swift */; };
		603DA12A2063220900DD5FE1 /* CategoryCell.swift in Sources */ = {isa = PBXBuildFile; fileRef = 603DA1292063220900DD5FE1 /* CategoryCell.swift */; };
		603DA12C2063CACC00DD5FE1 /* CategoryItemCell.swift in Sources */ = {isa = PBXBuildFile; fileRef = 603DA12B2063CACC00DD5FE1 /* CategoryItemCell.swift */; };
		6065D0C1206EE17F00A89D99 /* BrandCell.swift in Sources */ = {isa = PBXBuildFile; fileRef = 6065D0C0206EE17F00A89D99 /* BrandCell.swift */; };
		60E976352073C4960049733C /* Models.swift in Sources */ = {isa = PBXBuildFile; fileRef = 60E976342073C4960049733C /* Models.swift */; };
		60F8AADB207504BC00EE5D53 /* PopAnimator.swift in Sources */ = {isa = PBXBuildFile; fileRef = 60F8AADA207504BC00EE5D53 /* PopAnimator.swift */; };
		60F8AADE2075061200EE5D53 /* DetailViewController.swift in Sources */ = {isa = PBXBuildFile; fileRef = 60F8AADC2075061200EE5D53 /* DetailViewController.swift */; };
		60F8AAE3207512B500EE5D53 /* DetailViewController.xib in Resources */ = {isa = PBXBuildFile; fileRef = 60F8AAE1207512B500EE5D53 /* DetailViewController.xib */; };
		ADC77398F3168BB074DA640A /* Pods_END_Test.framework in Frameworks */ = {isa = PBXBuildFile; fileRef = C19AC7B6CE5BB2CB3390BAB3 /* Pods_END_Test.framework */; };
/* End PBXBuildFile section */

/* Begin PBXContainerItemProxy section */
		603DA11920630A2A00DD5FE1 /* PBXContainerItemProxy */ = {
			isa = PBXContainerItemProxy;
			containerPortal = 603DA0FC20630A2A00DD5FE1 /* Project object */;
			proxyType = 1;
			remoteGlobalIDString = 603DA10320630A2A00DD5FE1;
			remoteInfo = "END-Test";
		};
/* End PBXContainerItemProxy section */

/* Begin PBXFileReference section */
		603DA10420630A2A00DD5FE1 /* END-Test.app */ = {isa = PBXFileReference; explicitFileType = wrapper.application; includeInIndex = 0; path = "END-Test.app"; sourceTree = BUILT_PRODUCTS_DIR; };
		603DA10720630A2A00DD5FE1 /* AppDelegate.swift */ = {isa = PBXFileReference; lastKnownFileType = sourcecode.swift; path = AppDelegate.swift; sourceTree = "<group>"; };
		603DA10920630A2A00DD5FE1 /* FeaturedMenuController.swift */ = {isa = PBXFileReference; lastKnownFileType = sourcecode.swift; path = FeaturedMenuController.swift; sourceTree = "<group>"; };
		603DA10C20630A2A00DD5FE1 /* Base */ = {isa = PBXFileReference; lastKnownFileType = file.storyboard; name = Base; path = Base.lproj/Main.storyboard; sourceTree = "<group>"; };
		603DA10E20630A2A00DD5FE1 /* Assets.xcassets */ = {isa = PBXFileReference; lastKnownFileType = folder.assetcatalog; path = Assets.xcassets; sourceTree = "<group>"; };
		603DA11120630A2A00DD5FE1 /* Base */ = {isa = PBXFileReference; lastKnownFileType = file.storyboard; name = Base; path = Base.lproj/LaunchScreen.storyboard; sourceTree = "<group>"; };
		603DA11320630A2A00DD5FE1 /* Info.plist */ = {isa = PBXFileReference; lastKnownFileType = text.plist.xml; path = Info.plist; sourceTree = "<group>"; };
		603DA11820630A2A00DD5FE1 /* END-TestTests.xctest */ = {isa = PBXFileReference; explicitFileType = wrapper.cfbundle; includeInIndex = 0; path = "END-TestTests.xctest"; sourceTree = BUILT_PRODUCTS_DIR; };
		603DA11C20630A2A00DD5FE1 /* END_TestTests.swift */ = {isa = PBXFileReference; lastKnownFileType = sourcecode.swift; path = END_TestTests.swift; sourceTree = "<group>"; };
		603DA11E20630A2A00DD5FE1 /* Info.plist */ = {isa = PBXFileReference; lastKnownFileType = text.plist.xml; path = Info.plist; sourceTree = "<group>"; };
		603DA1292063220900DD5FE1 /* CategoryCell.swift */ = {isa = PBXFileReference; fileEncoding = 4; lastKnownFileType = sourcecode.swift; path = CategoryCell.swift; sourceTree = "<group>"; };
		603DA12B2063CACC00DD5FE1 /* CategoryItemCell.swift */ = {isa = PBXFileReference; fileEncoding = 4; lastKnownFileType = sourcecode.swift; path = CategoryItemCell.swift; sourceTree = "<group>"; };
		6065D0C0206EE17F00A89D99 /* BrandCell.swift */ = {isa = PBXFileReference; fileEncoding = 4; lastKnownFileType = sourcecode.swift; path = BrandCell.swift; sourceTree = "<group>"; };
		60E976342073C4960049733C /* Models.swift */ = {isa = PBXFileReference; lastKnownFileType = sourcecode.swift; path = Models.swift; sourceTree = "<group>"; };
		60F8AADA207504BC00EE5D53 /* PopAnimator.swift */ = {isa = PBXFileReference; fileEncoding = 4; lastKnownFileType = sourcecode.swift; path = PopAnimator.swift; sourceTree = "<group>"; };
		60F8AADC2075061200EE5D53 /* DetailViewController.swift */ = {isa = PBXFileReference; lastKnownFileType = sourcecode.swift; path = DetailViewController.swift; sourceTree = "<group>"; };
		60F8AAE1207512B500EE5D53 /* DetailViewController.xib */ = {isa = PBXFileReference; lastKnownFileType = file.xib; path = DetailViewController.xib; sourceTree = "<group>"; };
		7AFA566B414B0809A2EBA558 /* Pods-END-Test.release.xcconfig */ = {isa = PBXFileReference; includeInIndex = 1; lastKnownFileType = text.xcconfig; name = "Pods-END-Test.release.xcconfig"; path = "Pods/Target Support Files/Pods-END-Test/Pods-END-Test.release.xcconfig"; sourceTree = "<group>"; };
		8DF305CFEB5C74DAF8B490B3 /* Pods-END-Test.debug.xcconfig */ = {isa = PBXFileReference; includeInIndex = 1; lastKnownFileType = text.xcconfig; name = "Pods-END-Test.debug.xcconfig"; path = "Pods/Target Support Files/Pods-END-Test/Pods-END-Test.debug.xcconfig"; sourceTree = "<group>"; };
		C19AC7B6CE5BB2CB3390BAB3 /* Pods_END_Test.framework */ = {isa = PBXFileReference; explicitFileType = wrapper.framework; includeInIndex = 0; path = Pods_END_Test.framework; sourceTree = BUILT_PRODUCTS_DIR; };
/* End PBXFileReference section */

/* Begin PBXFrameworksBuildPhase section */
		603DA10120630A2A00DD5FE1 /* Frameworks */ = {
			isa = PBXFrameworksBuildPhase;
			buildActionMask = 2147483647;
			files = (
				ADC77398F3168BB074DA640A /* Pods_END_Test.framework in Frameworks */,
			);
			runOnlyForDeploymentPostprocessing = 0;
		};
		603DA11520630A2A00DD5FE1 /* Frameworks */ = {
			isa = PBXFrameworksBuildPhase;
			buildActionMask = 2147483647;
			files = (
			);
			runOnlyForDeploymentPostprocessing = 0;
		};
/* End PBXFrameworksBuildPhase section */

/* Begin PBXGroup section */
		1FD04E5EAC20C75CFCAF5258 /* Frameworks */ = {
			isa = PBXGroup;
			children = (
				C19AC7B6CE5BB2CB3390BAB3 /* Pods_END_Test.framework */,
			);
			name = Frameworks;
			sourceTree = "<group>";
		};
		5E2744599FB24814C79C253F /* Pods */ = {
			isa = PBXGroup;
			children = (
				8DF305CFEB5C74DAF8B490B3 /* Pods-END-Test.debug.xcconfig */,
				7AFA566B414B0809A2EBA558 /* Pods-END-Test.release.xcconfig */,
			);
			name = Pods;
			sourceTree = "<group>";
		};
		603DA0FB20630A2A00DD5FE1 = {
			isa = PBXGroup;
			children = (
				603DA10620630A2A00DD5FE1 /* END-Test */,
				603DA11B20630A2A00DD5FE1 /* END-TestTests */,
				603DA10520630A2A00DD5FE1 /* Products */,
				5E2744599FB24814C79C253F /* Pods */,
				1FD04E5EAC20C75CFCAF5258 /* Frameworks */,
			);
			sourceTree = "<group>";
		};
		603DA10520630A2A00DD5FE1 /* Products */ = {
			isa = PBXGroup;
			children = (
				603DA10420630A2A00DD5FE1 /* END-Test.app */,
				603DA11820630A2A00DD5FE1 /* END-TestTests.xctest */,
			);
			name = Products;
			sourceTree = "<group>";
		};
		603DA10620630A2A00DD5FE1 /* END-Test */ = {
			isa = PBXGroup;
			children = (
				603DA10720630A2A00DD5FE1 /* AppDelegate.swift */,
				60E976342073C4960049733C /* Models.swift */,
				60F8AADA207504BC00EE5D53 /* PopAnimator.swift */,
				60F8AADC2075061200EE5D53 /* DetailViewController.swift */,
				60F8AAE1207512B500EE5D53 /* DetailViewController.xib */,
				603DA10920630A2A00DD5FE1 /* FeaturedMenuController.swift */,
				603DA1292063220900DD5FE1 /* CategoryCell.swift */,
				603DA12B2063CACC00DD5FE1 /* CategoryItemCell.swift */,
				6065D0C0206EE17F00A89D99 /* BrandCell.swift */,
				603DA10B20630A2A00DD5FE1 /* Main.storyboard */,
				603DA10E20630A2A00DD5FE1 /* Assets.xcassets */,
				603DA11020630A2A00DD5FE1 /* LaunchScreen.storyboard */,
				603DA11320630A2A00DD5FE1 /* Info.plist */,
			);
			path = "END-Test";
			sourceTree = "<group>";
		};
		603DA11B20630A2A00DD5FE1 /* END-TestTests */ = {
			isa = PBXGroup;
			children = (
				603DA11C20630A2A00DD5FE1 /* END_TestTests.swift */,
				603DA11E20630A2A00DD5FE1 /* Info.plist */,
			);
			path = "END-TestTests";
			sourceTree = "<group>";
		};
/* End PBXGroup section */

/* Begin PBXNativeTarget section */
		603DA10320630A2A00DD5FE1 /* END-Test */ = {
			isa = PBXNativeTarget;
			buildConfigurationList = 603DA12120630A2A00DD5FE1 /* Build configuration list for PBXNativeTarget "END-Test" */;
			buildPhases = (
				40E1D02849C634AAE189C0E4 /* [CP] Check Pods Manifest.lock */,
				603DA10020630A2A00DD5FE1 /* Sources */,
				603DA10120630A2A00DD5FE1 /* Frameworks */,
				603DA10220630A2A00DD5FE1 /* Resources */,
				40A0C16FD90F3A473EAC18EA /* [CP] Embed Pods Frameworks */,
			);
			buildRules = (
			);
			dependencies = (
			);
			name = "END-Test";
			productName = "END-Test";
			productReference = 603DA10420630A2A00DD5FE1 /* END-Test.app */;
			productType = "com.apple.product-type.application";
		};
		603DA11720630A2A00DD5FE1 /* END-TestTests */ = {
			isa = PBXNativeTarget;
			buildConfigurationList = 603DA12420630A2A00DD5FE1 /* Build configuration list for PBXNativeTarget "END-TestTests" */;
			buildPhases = (
				603DA11420630A2A00DD5FE1 /* Sources */,
				603DA11520630A2A00DD5FE1 /* Frameworks */,
				603DA11620630A2A00DD5FE1 /* Resources */,
			);
			buildRules = (
			);
			dependencies = (
				603DA11A20630A2A00DD5FE1 /* PBXTargetDependency */,
			);
			name = "END-TestTests";
			productName = "END-TestTests";
			productReference = 603DA11820630A2A00DD5FE1 /* END-TestTests.xctest */;
			productType = "com.apple.product-type.bundle.unit-test";
		};
/* End PBXNativeTarget section */

/* Begin PBXProject section */
		603DA0FC20630A2A00DD5FE1 /* Project object */ = {
			isa = PBXProject;
			attributes = {
				LastSwiftUpdateCheck = 0820;
				LastUpgradeCheck = 0930;
				ORGANIZATIONNAME = "Sam Beedell";
				TargetAttributes = {
					603DA10320630A2A00DD5FE1 = {
						CreatedOnToolsVersion = 8.2.1;
						DevelopmentTeam = CRBZM3N9GU;
						LastSwiftMigration = 0930;
						ProvisioningStyle = Automatic;
					};
					603DA11720630A2A00DD5FE1 = {
						CreatedOnToolsVersion = 8.2.1;
						DevelopmentTeam = CRBZM3N9GU;
						LastSwiftMigration = 0930;
						ProvisioningStyle = Automatic;
						TestTargetID = 603DA10320630A2A00DD5FE1;
					};
				};
			};
			buildConfigurationList = 603DA0FF20630A2A00DD5FE1 /* Build configuration list for PBXProject "END-Test" */;
			compatibilityVersion = "Xcode 3.2";
			developmentRegion = English;
			hasScannedForEncodings = 0;
			knownRegions = (
				en,
				Base,
			);
			mainGroup = 603DA0FB20630A2A00DD5FE1;
			productRefGroup = 603DA10520630A2A00DD5FE1 /* Products */;
			projectDirPath = "";
			projectRoot = "";
			targets = (
				603DA10320630A2A00DD5FE1 /* END-Test */,
				603DA11720630A2A00DD5FE1 /* END-TestTests */,
			);
		};
/* End PBXProject section */

/* Begin PBXResourcesBuildPhase section */
		603DA10220630A2A00DD5FE1 /* Resources */ = {
			isa = PBXResourcesBuildPhase;
			buildActionMask = 2147483647;
			files = (
				603DA11220630A2A00DD5FE1 /* LaunchScreen.storyboard in Resources */,
				603DA10F20630A2A00DD5FE1 /* Assets.xcassets in Resources */,
				603DA10D20630A2A00DD5FE1 /* Main.storyboard in Resources */,
				60F8AAE3207512B500EE5D53 /* DetailViewController.xib in Resources */,
			);
			runOnlyForDeploymentPostprocessing = 0;
		};
		603DA11620630A2A00DD5FE1 /* Resources */ = {
			isa = PBXResourcesBuildPhase;
			buildActionMask = 2147483647;
			files = (
			);
			runOnlyForDeploymentPostprocessing = 0;
		};
/* End PBXResourcesBuildPhase section */

/* Begin PBXShellScriptBuildPhase section */
		40A0C16FD90F3A473EAC18EA /* [CP] Embed Pods Frameworks */ = {
			isa = PBXShellScriptBuildPhase;
			buildActionMask = 2147483647;
			files = (
			);
			inputPaths = (
				"${SRCROOT}/Pods/Target Support Files/Pods-END-Test/Pods-END-Test-frameworks.sh",
				"${BUILT_PRODUCTS_DIR}/Hero/Hero.framework",
			);
			name = "[CP] Embed Pods Frameworks";
			outputPaths = (
				"${TARGET_BUILD_DIR}/${FRAMEWORKS_FOLDER_PATH}/Hero.framework",
			);
			runOnlyForDeploymentPostprocessing = 0;
			shellPath = /bin/sh;
			shellScript = "\"${SRCROOT}/Pods/Target Support Files/Pods-END-Test/Pods-END-Test-frameworks.sh\"\n";
			showEnvVarsInLog = 0;
		};
		40E1D02849C634AAE189C0E4 /* [CP] Check Pods Manifest.lock */ = {
			isa = PBXShellScriptBuildPhase;
			buildActionMask = 2147483647;
			files = (
			);
			inputPaths = (
				"${PODS_PODFILE_DIR_PATH}/Podfile.lock",
				"${PODS_ROOT}/Manifest.lock",
			);
			name = "[CP] Check Pods Manifest.lock";
			outputPaths = (
				"$(DERIVED_FILE_DIR)/Pods-END-Test-checkManifestLockResult.txt",
			);
			runOnlyForDeploymentPostprocessing = 0;
			shellPath = /bin/sh;
			shellScript = "diff \"${PODS_PODFILE_DIR_PATH}/Podfile.lock\" \"${PODS_ROOT}/Manifest.lock\" > /dev/null\nif [ $? != 0 ] ; then\n    # print error to STDERR\n    echo \"error: The sandbox is not in sync with the Podfile.lock. Run 'pod install' or update your CocoaPods installation.\" >&2\n    exit 1\nfi\n# This output is used by Xcode 'outputs' to avoid re-running this script phase.\necho \"SUCCESS\" > \"${SCRIPT_OUTPUT_FILE_0}\"\n";
			showEnvVarsInLog = 0;
		};
/* End PBXShellScriptBuildPhase section */

/* Begin PBXSourcesBuildPhase section */
		603DA10020630A2A00DD5FE1 /* Sources */ = {
			isa = PBXSourcesBuildPhase;
			buildActionMask = 2147483647;
			files = (
				60F8AADB207504BC00EE5D53 /* PopAnimator.swift in Sources */,
				6065D0C1206EE17F00A89D99 /* BrandCell.swift in Sources */,
				603DA12C2063CACC00DD5FE1 /* CategoryItemCell.swift in Sources */,
				603DA10A20630A2A00DD5FE1 /* FeaturedMenuController.swift in Sources */,
				60E976352073C4960049733C /* Models.swift in Sources */,
				603DA10820630A2A00DD5FE1 /* AppDelegate.swift in Sources */,
				603DA12A2063220900DD5FE1 /* CategoryCell.swift in Sources */,
				60F8AADE2075061200EE5D53 /* DetailViewController.swift in Sources */,
			);
			runOnlyForDeploymentPostprocessing = 0;
		};
		603DA11420630A2A00DD5FE1 /* Sources */ = {
			isa = PBXSourcesBuildPhase;
			buildActionMask = 2147483647;
			files = (
				603DA11D20630A2A00DD5FE1 /* END_TestTests.swift in Sources */,
			);
			runOnlyForDeploymentPostprocessing = 0;
		};
/* End PBXSourcesBuildPhase section */

/* Begin PBXTargetDependency section */
		603DA11A20630A2A00DD5FE1 /* PBXTargetDependency */ = {
			isa = PBXTargetDependency;
			target = 603DA10320630A2A00DD5FE1 /* END-Test */;
			targetProxy = 603DA11920630A2A00DD5FE1 /* PBXContainerItemProxy */;
		};
/* End PBXTargetDependency section */

/* Begin PBXVariantGroup section */
		603DA10B20630A2A00DD5FE1 /* Main.storyboard */ = {
			isa = PBXVariantGroup;
			children = (
				603DA10C20630A2A00DD5FE1 /* Base */,
			);
			name = Main.storyboard;
			sourceTree = "<group>";
		};
		603DA11020630A2A00DD5FE1 /* LaunchScreen.storyboard */ = {
			isa = PBXVariantGroup;
			children = (
				603DA11120630A2A00DD5FE1 /* Base */,
			);
			name = LaunchScreen.storyboard;
			sourceTree = "<group>";
		};
/* End PBXVariantGroup section */

/* Begin XCBuildConfiguration section */
		603DA11F20630A2A00DD5FE1 /* Debug */ = {
			isa = XCBuildConfiguration;
			buildSettings = {
				ALWAYS_SEARCH_USER_PATHS = NO;
				CLANG_ANALYZER_NONNULL = YES;
				CLANG_CXX_LANGUAGE_STANDARD = "gnu++0x";
				CLANG_CXX_LIBRARY = "libc++";
				CLANG_ENABLE_MODULES = YES;
				CLANG_ENABLE_OBJC_ARC = YES;
				CLANG_WARN_BLOCK_CAPTURE_AUTORELEASING = YES;
				CLANG_WARN_BOOL_CONVERSION = YES;
				CLANG_WARN_COMMA = YES;
				CLANG_WARN_CONSTANT_CONVERSION = YES;
				CLANG_WARN_DEPRECATED_OBJC_IMPLEMENTATIONS = YES;
				CLANG_WARN_DIRECT_OBJC_ISA_USAGE = YES_ERROR;
				CLANG_WARN_DOCUMENTATION_COMMENTS = YES;
				CLANG_WARN_EMPTY_BODY = YES;
				CLANG_WARN_ENUM_CONVERSION = YES;
				CLANG_WARN_INFINITE_RECURSION = YES;
				CLANG_WARN_INT_CONVERSION = YES;
				CLANG_WARN_NON_LITERAL_NULL_CONVERSION = YES;
				CLANG_WARN_OBJC_IMPLICIT_RETAIN_SELF = YES;
				CLANG_WARN_OBJC_LITERAL_CONVERSION = YES;
				CLANG_WARN_OBJC_ROOT_CLASS = YES_ERROR;
				CLANG_WARN_RANGE_LOOP_ANALYSIS = YES;
				CLANG_WARN_STRICT_PROTOTYPES = YES;
				CLANG_WARN_SUSPICIOUS_MOVE = YES;
				CLANG_WARN_UNREACHABLE_CODE = YES;
				CLANG_WARN__DUPLICATE_METHOD_MATCH = YES;
				"CODE_SIGN_IDENTITY[sdk=iphoneos*]" = "iPhone Developer";
				COPY_PHASE_STRIP = NO;
				DEBUG_INFORMATION_FORMAT = dwarf;
				ENABLE_STRICT_OBJC_MSGSEND = YES;
				ENABLE_TESTABILITY = YES;
				GCC_C_LANGUAGE_STANDARD = gnu99;
				GCC_DYNAMIC_NO_PIC = NO;
				GCC_NO_COMMON_BLOCKS = YES;
				GCC_OPTIMIZATION_LEVEL = 0;
				GCC_PREPROCESSOR_DEFINITIONS = (
					"DEBUG=1",
					"$(inherited)",
				);
				GCC_WARN_64_TO_32_BIT_CONVERSION = YES;
				GCC_WARN_ABOUT_RETURN_TYPE = YES_ERROR;
				GCC_WARN_UNDECLARED_SELECTOR = YES;
				GCC_WARN_UNINITIALIZED_AUTOS = YES_AGGRESSIVE;
				GCC_WARN_UNUSED_FUNCTION = YES;
				GCC_WARN_UNUSED_VARIABLE = YES;
				IPHONEOS_DEPLOYMENT_TARGET = 10.2;
				MTL_ENABLE_DEBUG_INFO = YES;
				ONLY_ACTIVE_ARCH = YES;
				SDKROOT = iphoneos;
				SWIFT_ACTIVE_COMPILATION_CONDITIONS = DEBUG;
				SWIFT_OPTIMIZATION_LEVEL = "-Onone";
				SWIFT_VERSION = 3.0;
				TARGETED_DEVICE_FAMILY = "1,2";
			};
			name = Debug;
		};
		603DA12020630A2A00DD5FE1 /* Release */ = {
			isa = XCBuildConfiguration;
			buildSettings = {
				ALWAYS_SEARCH_USER_PATHS = NO;
				CLANG_ANALYZER_NONNULL = YES;
				CLANG_CXX_LANGUAGE_STANDARD = "gnu++0x";
				CLANG_CXX_LIBRARY = "libc++";
				CLANG_ENABLE_MODULES = YES;
				CLANG_ENABLE_OBJC_ARC = YES;
				CLANG_WARN_BLOCK_CAPTURE_AUTORELEASING = YES;
				CLANG_WARN_BOOL_CONVERSION = YES;
				CLANG_WARN_COMMA = YES;
				CLANG_WARN_CONSTANT_CONVERSION = YES;
				CLANG_WARN_DEPRECATED_OBJC_IMPLEMENTATIONS = YES;
				CLANG_WARN_DIRECT_OBJC_ISA_USAGE = YES_ERROR;
				CLANG_WARN_DOCUMENTATION_COMMENTS = YES;
				CLANG_WARN_EMPTY_BODY = YES;
				CLANG_WARN_ENUM_CONVERSION = YES;
				CLANG_WARN_INFINITE_RECURSION = YES;
				CLANG_WARN_INT_CONVERSION = YES;
				CLANG_WARN_NON_LITERAL_NULL_CONVERSION = YES;
				CLANG_WARN_OBJC_IMPLICIT_RETAIN_SELF = YES;
				CLANG_WARN_OBJC_LITERAL_CONVERSION = YES;
				CLANG_WARN_OBJC_ROOT_CLASS = YES_ERROR;
				CLANG_WARN_RANGE_LOOP_ANALYSIS = YES;
				CLANG_WARN_STRICT_PROTOTYPES = YES;
				CLANG_WARN_SUSPICIOUS_MOVE = YES;
				CLANG_WARN_UNREACHABLE_CODE = YES;
				CLANG_WARN__DUPLICATE_METHOD_MATCH = YES;
				"CODE_SIGN_IDENTITY[sdk=iphoneos*]" = "iPhone Developer";
				COPY_PHASE_STRIP = NO;
				DEBUG_INFORMATION_FORMAT = "dwarf-with-dsym";
				ENABLE_NS_ASSERTIONS = NO;
				ENABLE_STRICT_OBJC_MSGSEND = YES;
				GCC_C_LANGUAGE_STANDARD = gnu99;
				GCC_NO_COMMON_BLOCKS = YES;
				GCC_WARN_64_TO_32_BIT_CONVERSION = YES;
				GCC_WARN_ABOUT_RETURN_TYPE = YES_ERROR;
				GCC_WARN_UNDECLARED_SELECTOR = YES;
				GCC_WARN_UNINITIALIZED_AUTOS = YES_AGGRESSIVE;
				GCC_WARN_UNUSED_FUNCTION = YES;
				GCC_WARN_UNUSED_VARIABLE = YES;
				IPHONEOS_DEPLOYMENT_TARGET = 10.2;
				MTL_ENABLE_DEBUG_INFO = NO;
				SDKROOT = iphoneos;
				SWIFT_OPTIMIZATION_LEVEL = "-Owholemodule";
				SWIFT_VERSION = 3.0;
				TARGETED_DEVICE_FAMILY = "1,2";
				VALIDATE_PRODUCT = YES;
			};
			name = Release;
		};
		603DA12220630A2A00DD5FE1 /* Debug */ = {
			isa = XCBuildConfiguration;
			baseConfigurationReference = 8DF305CFEB5C74DAF8B490B3 /* Pods-END-Test.debug.xcconfig */;
			buildSettings = {
				ALWAYS_EMBED_SWIFT_STANDARD_LIBRARIES = YES;
				ASSETCATALOG_COMPILER_APPICON_NAME = AppIcon;
				DEVELOPMENT_TEAM = CRBZM3N9GU;
				INFOPLIST_FILE = "END-Test/Info.plist";
				LD_RUNPATH_SEARCH_PATHS = "$(inherited) @executable_path/Frameworks";
				PRODUCT_BUNDLE_IDENTIFIER = "SB.END-Test";
				PRODUCT_NAME = "$(TARGET_NAME)";
				SWIFT_SWIFT3_OBJC_INFERENCE = On;
				SWIFT_VERSION = 4.0;
			};
			name = Debug;
		};
		603DA12320630A2A00DD5FE1 /* Release */ = {
			isa = XCBuildConfiguration;
			baseConfigurationReference = 7AFA566B414B0809A2EBA558 /* Pods-END-Test.release.xcconfig */;
			buildSettings = {
				ALWAYS_EMBED_SWIFT_STANDARD_LIBRARIES = YES;
				ASSETCATALOG_COMPILER_APPICON_NAME = AppIcon;
				DEVELOPMENT_TEAM = CRBZM3N9GU;
				INFOPLIST_FILE = "END-Test/Info.plist";
				LD_RUNPATH_SEARCH_PATHS = "$(inherited) @executable_path/Frameworks";
				PRODUCT_BUNDLE_IDENTIFIER = "SB.END-Test";
				PRODUCT_NAME = "$(TARGET_NAME)";
				SWIFT_SWIFT3_OBJC_INFERENCE = On;
				SWIFT_VERSION = 4.0;
			};
			name = Release;
		};
		603DA12520630A2A00DD5FE1 /* Debug */ = {
			isa = XCBuildConfiguration;
			buildSettings = {
				ALWAYS_EMBED_SWIFT_STANDARD_LIBRARIES = YES;
				BUNDLE_LOADER = "$(TEST_HOST)";
				DEVELOPMENT_TEAM = CRBZM3N9GU;
				INFOPLIST_FILE = "END-TestTests/Info.plist";
				LD_RUNPATH_SEARCH_PATHS = "$(inherited) @executable_path/Frameworks @loader_path/Frameworks";
				PRODUCT_BUNDLE_IDENTIFIER = "SB.END-TestTests";
				PRODUCT_NAME = "$(TARGET_NAME)";
				SWIFT_SWIFT3_OBJC_INFERENCE = On;
				SWIFT_VERSION = 4.0;
				TEST_HOST = "$(BUILT_PRODUCTS_DIR)/END-Test.app/END-Test";
			};
			name = Debug;
		};
		603DA12620630A2A00DD5FE1 /* Release */ = {
			isa = XCBuildConfiguration;
			buildSettings = {
				ALWAYS_EMBED_SWIFT_STANDARD_LIBRARIES = YES;
				BUNDLE_LOADER = "$(TEST_HOST)";
				DEVELOPMENT_TEAM = CRBZM3N9GU;
				INFOPLIST_FILE = "END-TestTests/Info.plist";
				LD_RUNPATH_SEARCH_PATHS = "$(inherited) @executable_path/Frameworks @loader_path/Frameworks";
				PRODUCT_BUNDLE_IDENTIFIER = "SB.END-TestTests";
				PRODUCT_NAME = "$(TARGET_NAME)";
				SWIFT_SWIFT3_OBJC_INFERENCE = On;
				SWIFT_VERSION = 4.0;
				TEST_HOST = "$(BUILT_PRODUCTS_DIR)/END-Test.app/END-Test";
			};
			name = Release;
		};
/* End XCBuildConfiguration section */

/* Begin XCConfigurationList section */
		603DA0FF20630A2A00DD5FE1 /* Build configuration list for PBXProject "END-Test" */ = {
			isa = XCConfigurationList;
			buildConfigurations = (
				603DA11F20630A2A00DD5FE1 /* Debug */,
				603DA12020630A2A00DD5FE1 /* Release */,
			);
			defaultConfigurationIsVisible = 0;
			defaultConfigurationName = Release;
		};
		603DA12120630A2A00DD5FE1 /* Build configuration list for PBXNativeTarget "END-Test" */ = {
			isa = XCConfigurationList;
			buildConfigurations = (
				603DA12220630A2A00DD5FE1 /* Debug */,
				603DA12320630A2A00DD5FE1 /* Release */,
			);
			defaultConfigurationIsVisible = 0;
			defaultConfigurationName = Release;
		};
		603DA12420630A2A00DD5FE1 /* Build configuration list for PBXNativeTarget "END-TestTests" */ = {
			isa = XCConfigurationList;
			buildConfigurations = (
				603DA12520630A2A00DD5FE1 /* Debug */,
				603DA12620630A2A00DD5FE1 /* Release */,
			);
			defaultConfigurationIsVisible = 0;
			defaultConfigurationName = Release;
		};
/* End XCConfigurationList section */
	};
	rootObject = 603DA0FC20630A2A00DD5FE1 /* Project object */;
}
