// !$*UTF8*$!
{
	archiveVersion = 1;
	classes = {
	};
	objectVersion = 46;
	objects = {

/* Begin PBXBuildFile section */
		603DA10820630A2A00DD5FE1 /* AppDelegate.swift in Sources */ = {isa = PBXBuildFile; fileRef = 603DA10720630A2A00DD5FE1 /* AppDelegate.swift */; };
		603DA10A20630A2A00DD5FE1 /* FeaturedMenuController.swift in Sources */ = {isa = PBXBuildFile; fileRef = 603DA10920630A2A00DD5FE1 /* FeaturedMenuController.swift */; };
		603DA10D20630A2A00DD5FE1 /* Main.storyboard in Resources */ = {isa = PBXBuildFile; fileRef = 603DA10B20630A2A00DD5FE1 /* Main.storyboard */; };
		603DA10F20630A2A00DD5FE1 /* Assets.xcassets in Resources */ = {isa = PBXBuildFile; fileRef = 603DA10E20630A2A00DD5FE1 /* Assets.xcassets */; };
		603DA11220630A2A00DD5FE1 /* LaunchScreen.storyboard in Resources */ = {isa = PBXBuildFile; fileRef = 603DA11020630A2A00DD5FE1 /* LaunchScreen.storyboard */; };
		603DA11D20630A2A00DD5FE1 /* END_TestTests.swift in Sources */ = {isa = PBXBuildFile; fileRef = 603DA11C20630A2A00DD5FE1 /* END_TestTests.swift */; };
		603DA12A2063220900DD5FE1 /* CategoryCell.swift in Sources */ = {isa = PBXBuildFile; fileRef = 603DA1292063220900DD5FE1 /* CategoryCell.swift */; };
		603DA12C2063CACC00DD5FE1 /* ItemCell.swift in Sources */ = {isa = PBXBuildFile; fileRef = 603DA12B2063CACC00DD5FE1 /* ItemCell.swift */; };
/* End PBXBuildFile section */

/* Begin PBXContainerItemProxy section */
		603DA11920630A2A00DD5FE1 /* PBXContainerItemProxy */ = {
			isa = PBXContainerItemProxy;
			containerPortal = 603DA0FC20630A2A00DD5FE1 /* Project object */;
			proxyType = 1;
			remoteGlobalIDString = 603DA10320630A2A00DD5FE1;
			remoteInfo = "END-Test";
		};
/* End PBXContainerItemProxy section */

/* Begin PBXFileReference section */
		603DA10420630A2A00DD5FE1 /* END-Test.app */ = {isa = PBXFileReference; explicitFileType = wrapper.application; includeInIndex = 0; path = "END-Test.app"; sourceTree = BUILT_PRODUCTS_DIR; };
		603DA10720630A2A00DD5FE1 /* AppDelegate.swift */ = {isa = PBXFileReference; lastKnownFileType = sourcecode.swift; path = AppDelegate.swift; sourceTree = "<group>"; };
		603DA10920630A2A00DD5FE1 /* FeaturedMenuController.swift */ = {isa = PBXFileReference; lastKnownFileType = sourcecode.swift; path = FeaturedMenuController.swift; sourceTree = "<group>"; };
		603DA10C20630A2A00DD5FE1 /* Base */ = {isa = PBXFileReference; lastKnownFileType = file.storyboard; name = Base; path = Base.lproj/Main.storyboard; sourceTree = "<group>"; };
		603DA10E20630A2A00DD5FE1 /* Assets.xcassets */ = {isa = PBXFileReference; lastKnownFileType = folder.assetcatalog; path = Assets.xcassets; sourceTree = "<group>"; };
		603DA11120630A2A00DD5FE1 /* Base */ = {isa = PBXFileReference; lastKnownFileType = file.storyboard; name = Base; path = Base.lproj/LaunchScreen.storyboard; sourceTree = "<group>"; };
		603DA11320630A2A00DD5FE1 /* Info.plist */ = {isa = PBXFileReference; lastKnownFileType = text.plist.xml; path = Info.plist; sourceTree = "<group>"; };
		603DA11820630A2A00DD5FE1 /* END-TestTests.xctest */ = {isa = PBXFileReference; explicitFileType = wrapper.cfbundle; includeInIndex = 0; path = "END-TestTests.xctest"; sourceTree = BUILT_PRODUCTS_DIR; };
		603DA11C20630A2A00DD5FE1 /* END_TestTests.swift */ = {isa = PBXFileReference; lastKnownFileType = sourcecode.swift; path = END_TestTests.swift; sourceTree = "<group>"; };
		603DA11E20630A2A00DD5FE1 /* Info.plist */ = {isa = PBXFileReference; lastKnownFileType = text.plist.xml; path = Info.plist; sourceTree = "<group>"; };
		603DA1292063220900DD5FE1 /* CategoryCell.swift */ = {isa = PBXFileReference; fileEncoding = 4; lastKnownFileType = sourcecode.swift; path = CategoryCell.swift; sourceTree = "<group>"; };
		603DA12B2063CACC00DD5FE1 /* ItemCell.swift */ = {isa = PBXFileReference; fileEncoding = 4; lastKnownFileType = sourcecode.swift; path = ItemCell.swift; sourceTree = "<group>"; };
/* End PBXFileReference section */

/* Begin PBXFrameworksBuildPhase section */
		603DA10120630A2A00DD5FE1 /* Frameworks */ = {
			isa = PBXFrameworksBuildPhase;
			buildActionMask = 2147483647;
			files = (
			);
			runOnlyForDeploymentPostprocessing = 0;
		};
		603DA11520630A2A00DD5FE1 /* Frameworks */ = {
			isa = PBXFrameworksBuildPhase;
			buildActionMask = 2147483647;
			files = (
			);
			runOnlyForDeploymentPostprocessing = 0;
		};
/* End PBXFrameworksBuildPhase section */

/* Begin PBXGroup section */
		603DA0FB20630A2A00DD5FE1 = {
			isa = PBXGroup;
			children = (
				603DA10620630A2A00DD5FE1 /* END-Test */,
				603DA11B20630A2A00DD5FE1 /* END-TestTests */,
				603DA10520630A2A00DD5FE1 /* Products */,
			);
			sourceTree = "<group>";
		};
		603DA10520630A2A00DD5FE1 /* Products */ = {
			isa = PBXGroup;
			children = (
				603DA10420630A2A00DD5FE1 /* END-Test.app */,
				603DA11820630A2A00DD5FE1 /* END-TestTests.xctest */,
			);
			name = Products;
			sourceTree = "<group>";
		};
		603DA10620630A2A00DD5FE1 /* END-Test */ = {
			isa = PBXGroup;
			children = (
				603DA10720630A2A00DD5FE1 /* AppDelegate.swift */,
				603DA10920630A2A00DD5FE1 /* FeaturedMenuController.swift */,
				603DA1292063220900DD5FE1 /* CategoryCell.swift */,
				603DA12B2063CACC00DD5FE1 /* ItemCell.swift */,
				603DA10B20630A2A00DD5FE1 /* Main.storyboard */,
				603DA10E20630A2A00DD5FE1 /* Assets.xcassets */,
				603DA11020630A2A00DD5FE1 /* LaunchScreen.storyboard */,
				603DA11320630A2A00DD5FE1 /* Info.plist */,
			);
			path = "END-Test";
			sourceTree = "<group>";
		};
		603DA11B20630A2A00DD5FE1 /* END-TestTests */ = {
			isa = PBXGroup;
			children = (
				603DA11C20630A2A00DD5FE1 /* END_TestTests.swift */,
				603DA11E20630A2A00DD5FE1 /* Info.plist */,
			);
			path = "END-TestTests";
			sourceTree = "<group>";
		};
/* End PBXGroup section */

/* Begin PBXNativeTarget section */
		603DA10320630A2A00DD5FE1 /* END-Test */ = {
			isa = PBXNativeTarget;
			buildConfigurationList = 603DA12120630A2A00DD5FE1 /* Build configuration list for PBXNativeTarget "END-Test" */;
			buildPhases = (
				603DA10020630A2A00DD5FE1 /* Sources */,
				603DA10120630A2A00DD5FE1 /* Frameworks */,
				603DA10220630A2A00DD5FE1 /* Resources */,
			);
			buildRules = (
			);
			dependencies = (
			);
			name = "END-Test";
			productName = "END-Test";
			productReference = 603DA10420630A2A00DD5FE1 /* END-Test.app */;
			productType = "com.apple.product-type.application";
		};
		603DA11720630A2A00DD5FE1 /* END-TestTests */ = {
			isa = PBXNativeTarget;
			buildConfigurationList = 603DA12420630A2A00DD5FE1 /* Build configuration list for PBXNativeTarget "END-TestTests" */;
			buildPhases = (
				603DA11420630A2A00DD5FE1 /* Sources */,
				603DA11520630A2A00DD5FE1 /* Frameworks */,
				603DA11620630A2A00DD5FE1 /* Resources */,
			);
			buildRules = (
			);
			dependencies = (
				603DA11A20630A2A00DD5FE1 /* PBXTargetDependency */,
			);
			name = "END-TestTests";
			productName = "END-TestTests";
			productReference = 603DA11820630A2A00DD5FE1 /* END-TestTests.xctest */;
			productType = "com.apple.product-type.bundle.unit-test";
		};
/* End PBXNativeTarget section */

/* Begin PBXProject section */
		603DA0FC20630A2A00DD5FE1 /* Project object */ = {
			isa = PBXProject;
			attributes = {
				LastSwiftUpdateCheck = 0820;
				LastUpgradeCheck = 0820;
				ORGANIZATIONNAME = "Sam Beedell";
				TargetAttributes = {
					603DA10320630A2A00DD5FE1 = {
						CreatedOnToolsVersion = 8.2.1;
						DevelopmentTeam = CRBZM3N9GU;
						ProvisioningStyle = Automatic;
					};
					603DA11720630A2A00DD5FE1 = {
						CreatedOnToolsVersion = 8.2.1;
						DevelopmentTeam = CRBZM3N9GU;
						ProvisioningStyle = Automatic;
						TestTargetID = 603DA10320630A2A00DD5FE1;
					};
				};
			};
			buildConfigurationList = 603DA0FF20630A2A00DD5FE1 /* Build configuration list for PBXProject "END-Test" */;
			compatibilityVersion = "Xcode 3.2";
			developmentRegion = English;
			hasScannedForEncodings = 0;
			knownRegions = (
				en,
				Base,
			);
			mainGroup = 603DA0FB20630A2A00DD5FE1;
			productRefGroup = 603DA10520630A2A00DD5FE1 /* Products */;
			projectDirPath = "";
			projectRoot = "";
			targets = (
				603DA10320630A2A00DD5FE1 /* END-Test */,
				603DA11720630A2A00DD5FE1 /* END-TestTests */,
			);
		};
/* End PBXProject section */

/* Begin PBXResourcesBuildPhase section */
		603DA10220630A2A00DD5FE1 /* Resources */ = {
			isa = PBXResourcesBuildPhase;
			buildActionMask = 2147483647;
			files = (
				603DA11220630A2A00DD5FE1 /* LaunchScreen.storyboard in Resources */,
				603DA10F20630A2A00DD5FE1 /* Assets.xcassets in Resources */,
				603DA10D20630A2A00DD5FE1 /* Main.storyboard in Resources */,
			);
			runOnlyForDeploymentPostprocessing = 0;
		};
		603DA11620630A2A00DD5FE1 /* Resources */ = {
			isa = PBXResourcesBuildPhase;
			buildActionMask = 2147483647;
			files = (
			);
			runOnlyForDeploymentPostprocessing = 0;
		};
/* End PBXResourcesBuildPhase section */

/* Begin PBXSourcesBuildPhase section */
		603DA10020630A2A00DD5FE1 /* Sources */ = {
			isa = PBXSourcesBuildPhase;
			buildActionMask = 2147483647;
			files = (
				603DA12C2063CACC00DD5FE1 /* ItemCell.swift in Sources */,
				603DA10A20630A2A00DD5FE1 /* FeaturedMenuController.swift in Sources */,
				603DA10820630A2A00DD5FE1 /* AppDelegate.swift in Sources */,
				603DA12A2063220900DD5FE1 /* CategoryCell.swift in Sources */,
			);
			runOnlyForDeploymentPostprocessing = 0;
		};
		603DA11420630A2A00DD5FE1 /* Sources */ = {
			isa = PBXSourcesBuildPhase;
			buildActionMask = 2147483647;
			files = (
				603DA11D20630A2A00DD5FE1 /* END_TestTests.swift in Sources */,
			);
			runOnlyForDeploymentPostprocessing = 0;
		};
/* End PBXSourcesBuildPhase section */

/* Begin PBXTargetDependency section */
		603DA11A20630A2A00DD5FE1 /* PBXTargetDependency */ = {
			isa = PBXTargetDependency;
			target = 603DA10320630A2A00DD5FE1 /* END-Test */;
			targetProxy = 603DA11920630A2A00DD5FE1 /* PBXContainerItemProxy */;
		};
/* End PBXTargetDependency section */

/* Begin PBXVariantGroup section */
		603DA10B20630A2A00DD5FE1 /* Main.storyboard */ = {
			isa = PBXVariantGroup;
			children = (
				603DA10C20630A2A00DD5FE1 /* Base */,
			);
			name = Main.storyboard;
			sourceTree = "<group>";
		};
		603DA11020630A2A00DD5FE1 /* LaunchScreen.storyboard */ = {
			isa = PBXVariantGroup;
			children = (
				603DA11120630A2A00DD5FE1 /* Base */,
			);
			name = LaunchScreen.storyboard;
			sourceTree = "<group>";
		};
/* End PBXVariantGroup section */

/* Begin XCBuildConfiguration section */
		603DA11F20630A2A00DD5FE1 /* Debug */ = {
			isa = XCBuildConfiguration;
			buildSettings = {
				ALWAYS_SEARCH_USER_PATHS = NO;
				CLANG_ANALYZER_NONNULL = YES;
				CLANG_CXX_LANGUAGE_STANDARD = "gnu++0x";
				CLANG_CXX_LIBRARY = "libc++";
				CLANG_ENABLE_MODULES = YES;
				CLANG_ENABLE_OBJC_ARC = YES;
				CLANG_WARN_BOOL_CONVERSION = YES;
				CLANG_WARN_CONSTANT_CONVERSION = YES;
				CLANG_WARN_DIRECT_OBJC_ISA_USAGE = YES_ERROR;
				CLANG_WARN_DOCUMENTATION_COMMENTS = YES;
				CLANG_WARN_EMPTY_BODY = YES;
				CLANG_WARN_ENUM_CONVERSION = YES;
				CLANG_WARN_INFINITE_RECURSION = YES;
				CLANG_WARN_INT_CONVERSION = YES;
				CLANG_WARN_OBJC_ROOT_CLASS = YES_ERROR;
				CLANG_WARN_SUSPICIOUS_MOVE = YES;
				CLANG_WARN_UNREACHABLE_CODE = YES;
				CLANG_WARN__DUPLICATE_METHOD_MATCH = YES;
				"CODE_SIGN_IDENTITY[sdk=iphoneos*]" = "iPhone Developer";
				COPY_PHASE_STRIP = NO;
				DEBUG_INFORMATION_FORMAT = dwarf;
				ENABLE_STRICT_OBJC_MSGSEND = YES;
				ENABLE_TESTABILITY = YES;
				GCC_C_LANGUAGE_STANDARD = gnu99;
				GCC_DYNAMIC_NO_PIC = NO;
				GCC_NO_COMMON_BLOCKS = YES;
				GCC_OPTIMIZATION_LEVEL = 0;
				GCC_PREPROCESSOR_DEFINITIONS = (
					"DEBUG=1",
					"$(inherited)",
				);
				GCC_WARN_64_TO_32_BIT_CONVERSION = YES;
				GCC_WARN_ABOUT_RETURN_TYPE = YES_ERROR;
				GCC_WARN_UNDECLARED_SELECTOR = YES;
				GCC_WARN_UNINITIALIZED_AUTOS = YES_AGGRESSIVE;
				GCC_WARN_UNUSED_FUNCTION = YES;
				GCC_WARN_UNUSED_VARIABLE = YES;
				IPHONEOS_DEPLOYMENT_TARGET = 10.2;
				MTL_ENABLE_DEBUG_INFO = YES;
				ONLY_ACTIVE_ARCH = YES;
				SDKROOT = iphoneos;
				SWIFT_ACTIVE_COMPILATION_CONDITIONS = DEBUG;
				SWIFT_OPTIMIZATION_LEVEL = "-Onone";
				TARGETED_DEVICE_FAMILY = "1,2";
			};
			name = Debug;
		};
		603DA12020630A2A00DD5FE1 /* Release */ = {
			isa = XCBuildConfiguration;
			buildSettings = {
				ALWAYS_SEARCH_USER_PATHS = NO;
				CLANG_ANALYZER_NONNULL = YES;
				CLANG_CXX_LANGUAGE_STANDARD = "gnu++0x";
				CLANG_CXX_LIBRARY = "libc++";
				CLANG_ENABLE_MODULES = YES;
				CLANG_ENABLE_OBJC_ARC = YES;
				CLANG_WARN_BOOL_CONVERSION = YES;
				CLANG_WARN_CONSTANT_CONVERSION = YES;
				CLANG_WARN_DIRECT_OBJC_ISA_USAGE = YES_ERROR;
				CLANG_WARN_DOCUMENTATION_COMMENTS = YES;
				CLANG_WARN_EMPTY_BODY = YES;
				CLANG_WARN_ENUM_CONVERSION = YES;
				CLANG_WARN_INFINITE_RECURSION = YES;
				CLANG_WARN_INT_CONVERSION = YES;
				CLANG_WARN_OBJC_ROOT_CLASS = YES_ERROR;
				CLANG_WARN_SUSPICIOUS_MOVE = YES;
				CLANG_WARN_UNREACHABLE_CODE = YES;
				CLANG_WARN__DUPLICATE_METHOD_MATCH = YES;
				"CODE_SIGN_IDENTITY[sdk=iphoneos*]" = "iPhone Developer";
				COPY_PHASE_STRIP = NO;
				DEBUG_INFORMATION_FORMAT = "dwarf-with-dsym";
				ENABLE_NS_ASSERTIONS = NO;
				ENABLE_STRICT_OBJC_MSGSEND = YES;
				GCC_C_LANGUAGE_STANDARD = gnu99;
				GCC_NO_COMMON_BLOCKS = YES;
				GCC_WARN_64_TO_32_BIT_CONVERSION = YES;
				GCC_WARN_ABOUT_RETURN_TYPE = YES_ERROR;
				GCC_WARN_UNDECLARED_SELECTOR = YES;
				GCC_WARN_UNINITIALIZED_AUTOS = YES_AGGRESSIVE;
				GCC_WARN_UNUSED_FUNCTION = YES;
				GCC_WARN_UNUSED_VARIABLE = YES;
				IPHONEOS_DEPLOYMENT_TARGET = 10.2;
				MTL_ENABLE_DEBUG_INFO = NO;
				SDKROOT = iphoneos;
				SWIFT_OPTIMIZATION_LEVEL = "-Owholemodule";
				TARGETED_DEVICE_FAMILY = "1,2";
				VALIDATE_PRODUCT = YES;
			};
			name = Release;
		};
		603DA12220630A2A00DD5FE1 /* Debug */ = {
			isa = XCBuildConfiguration;
			buildSettings = {
				ASSETCATALOG_COMPILER_APPICON_NAME = AppIcon;
				DEVELOPMENT_TEAM = CRBZM3N9GU;
				INFOPLIST_FILE = "END-Test/Info.plist";
				LD_RUNPATH_SEARCH_PATHS = "$(inherited) @executable_path/Frameworks";
				PRODUCT_BUNDLE_IDENTIFIER = "SB.END-Test";
				PRODUCT_NAME = "$(TARGET_NAME)";
				SWIFT_VERSION = 3.0;
			};
			name = Debug;
		};
		603DA12320630A2A00DD5FE1 /* Release */ = {
			isa = XCBuildConfiguration;
			buildSettings = {
				ASSETCATALOG_COMPILER_APPICON_NAME = AppIcon;
				DEVELOPMENT_TEAM = CRBZM3N9GU;
				INFOPLIST_FILE = "END-Test/Info.plist";
				LD_RUNPATH_SEARCH_PATHS = "$(inherited) @executable_path/Frameworks";
				PRODUCT_BUNDLE_IDENTIFIER = "SB.END-Test";
				PRODUCT_NAME = "$(TARGET_NAME)";
				SWIFT_VERSION = 3.0;
			};
			name = Release;
		};
		603DA12520630A2A00DD5FE1 /* Debug */ = {
			isa = XCBuildConfiguration;
			buildSettings = {
				ALWAYS_EMBED_SWIFT_STANDARD_LIBRARIES = YES;
				BUNDLE_LOADER = "$(TEST_HOST)";
				DEVELOPMENT_TEAM = CRBZM3N9GU;
				INFOPLIST_FILE = "END-TestTests/Info.plist";
				LD_RUNPATH_SEARCH_PATHS = "$(inherited) @executable_path/Frameworks @loader_path/Frameworks";
				PRODUCT_BUNDLE_IDENTIFIER = "SB.END-TestTests";
				PRODUCT_NAME = "$(TARGET_NAME)";
				SWIFT_VERSION = 3.0;
				TEST_HOST = "$(BUILT_PRODUCTS_DIR)/END-Test.app/END-Test";
			};
			name = Debug;
		};
		603DA12620630A2A00DD5FE1 /* Release */ = {
			isa = XCBuildConfiguration;
			buildSettings = {
				ALWAYS_EMBED_SWIFT_STANDARD_LIBRARIES = YES;
				BUNDLE_LOADER = "$(TEST_HOST)";
				DEVELOPMENT_TEAM = CRBZM3N9GU;
				INFOPLIST_FILE = "END-TestTests/Info.plist";
				LD_RUNPATH_SEARCH_PATHS = "$(inherited) @executable_path/Frameworks @loader_path/Frameworks";
				PRODUCT_BUNDLE_IDENTIFIER = "SB.END-TestTests";
				PRODUCT_NAME = "$(TARGET_NAME)";
				SWIFT_VERSION = 3.0;
				TEST_HOST = "$(BUILT_PRODUCTS_DIR)/END-Test.app/END-Test";
			};
			name = Release;
		};
/* End XCBuildConfiguration section */

/* Begin XCConfigurationList section */
		603DA0FF20630A2A00DD5FE1 /* Build configuration list for PBXProject "END-Test" */ = {
			isa = XCConfigurationList;
			buildConfigurations = (
				603DA11F20630A2A00DD5FE1 /* Debug */,
				603DA12020630A2A00DD5FE1 /* Release */,
			);
			defaultConfigurationIsVisible = 0;
			defaultConfigurationName = Release;
		};
		603DA12120630A2A00DD5FE1 /* Build configuration list for PBXNativeTarget "END-Test" */ = {
			isa = XCConfigurationList;
			buildConfigurations = (
				603DA12220630A2A00DD5FE1 /* Debug */,
				603DA12320630A2A00DD5FE1 /* Release */,
			);
			defaultConfigurationIsVisible = 0;
			defaultConfigurationName = Release;
		};
		603DA12420630A2A00DD5FE1 /* Build configuration list for PBXNativeTarget "END-TestTests" */ = {
			isa = XCConfigurationList;
			buildConfigurations = (
				603DA12520630A2A00DD5FE1 /* Debug */,
				603DA12620630A2A00DD5FE1 /* Release */,
			);
			defaultConfigurationIsVisible = 0;
			defaultConfigurationName = Release;
		};
/* End XCConfigurationList section */
	};
	rootObject = 603DA0FC20630A2A00DD5FE1 /* Project object */;
}
